
Microsoft Visual Studio Solution File, Format Version 12.00
# Visual Studio Version 16
VisualStudioVersion = 16.0.33214.272
MinimumVisualStudioVersion = 10.0.40219.1
Project("{FAE04EC0-301F-11D3-BF4B-00C04F79EFBC}") = "Mission8-Group-1-12", "Mission8-Group-1-12\Mission8-Group-1-12.csproj", "{3FD988FC-0CAC-4E60-AA98-E2170CD38CD7}"
EndProject
Global
	GlobalSection(SolutionConfigurationPlatforms) = preSolution
		Debug|Any CPU = Debug|Any CPU
		Release|Any CPU = Release|Any CPU
	EndGlobalSection
	GlobalSection(ProjectConfigurationPlatforms) = postSolution
		{3FD988FC-0CAC-4E60-AA98-E2170CD38CD7}.Debug|Any CPU.ActiveCfg = Debug|Any CPU
		{3FD988FC-0CAC-4E60-AA98-E2170CD38CD7}.Debug|Any CPU.Build.0 = Debug|Any CPU
		{3FD988FC-0CAC-4E60-AA98-E2170CD38CD7}.Release|Any CPU.ActiveCfg = Release|Any CPU
		{3FD988FC-0CAC-4E60-AA98-E2170CD38CD7}.Release|Any CPU.Build.0 = Release|Any CPU
	EndGlobalSection
	GlobalSection(SolutionProperties) = preSolution
		HideSolutionNode = FALSE
	EndGlobalSection
	GlobalSection(ExtensibilityGlobals) = postSolution
		SolutionGuid = {47F3B6D6-EC60-4908-B645-0975B0487592}
	EndGlobalSection
EndGlobal
